// !$*UTF8*$!
{
	archiveVersion = 1;
	classes = {
	};
	objectVersion = 50;
	objects = {

/* Begin PBXBuildFile section */
		6D4BFC532660922000EE7002 /* smb_bowserfalls.wav in Resources */ = {isa = PBXBuildFile; fileRef = 6D4BFC522660921F00EE7002 /* smb_bowserfalls.wav */; };
		6D4BFC552660922E00EE7002 /* smb_gameover.wav in Resources */ = {isa = PBXBuildFile; fileRef = 6D4BFC542660922E00EE7002 /* smb_gameover.wav */; };
		6D4BFC572660923800EE7002 /* smb_stage_clear.wav in Resources */ = {isa = PBXBuildFile; fileRef = 6D4BFC562660923800EE7002 /* smb_stage_clear.wav */; };
		6D4BFC5D266356F000EE7002 /* smb_1-up.wav in Resources */ = {isa = PBXBuildFile; fileRef = 6D4BFC5C266356F000EE7002 /* smb_1-up.wav */; };
		6D5FCDF02633C23C00A74763 /* AppDelegate.swift in Sources */ = {isa = PBXBuildFile; fileRef = 6D5FCDEF2633C23C00A74763 /* AppDelegate.swift */; };
		6D5FCDF22633C23C00A74763 /* SceneDelegate.swift in Sources */ = {isa = PBXBuildFile; fileRef = 6D5FCDF12633C23C00A74763 /* SceneDelegate.swift */; };
		6D5FCDF42633C23C00A74763 /* ViewController.swift in Sources */ = {isa = PBXBuildFile; fileRef = 6D5FCDF32633C23C00A74763 /* ViewController.swift */; };
		6D5FCDF72633C23C00A74763 /* Main.storyboard in Resources */ = {isa = PBXBuildFile; fileRef = 6D5FCDF52633C23C00A74763 /* Main.storyboard */; };
		6D5FCDF92633C24100A74763 /* Assets.xcassets in Resources */ = {isa = PBXBuildFile; fileRef = 6D5FCDF82633C24100A74763 /* Assets.xcassets */; };
		6D5FCDFC2633C24100A74763 /* LaunchScreen.storyboard in Resources */ = {isa = PBXBuildFile; fileRef = 6D5FCDFA2633C24100A74763 /* LaunchScreen.storyboard */; };
/* End PBXBuildFile section */

/* Begin PBXFileReference section */
		6D4BFC522660921F00EE7002 /* smb_bowserfalls.wav */ = {isa = PBXFileReference; lastKnownFileType = audio.wav; path = smb_bowserfalls.wav; sourceTree = "<group>"; };
		6D4BFC542660922E00EE7002 /* smb_gameover.wav */ = {isa = PBXFileReference; lastKnownFileType = audio.wav; path = smb_gameover.wav; sourceTree = "<group>"; };
		6D4BFC562660923800EE7002 /* smb_stage_clear.wav */ = {isa = PBXFileReference; lastKnownFileType = audio.wav; path = smb_stage_clear.wav; sourceTree = "<group>"; };
		6D4BFC5C266356F000EE7002 /* smb_1-up.wav */ = {isa = PBXFileReference; lastKnownFileType = audio.wav; path = "smb_1-up.wav"; sourceTree = "<group>"; };
		6D5FCDEC2633C23C00A74763 /* SLgame.app */ = {isa = PBXFileReference; explicitFileType = wrapper.application; includeInIndex = 0; path = SLgame.app; sourceTree = BUILT_PRODUCTS_DIR; };
		6D5FCDEF2633C23C00A74763 /* AppDelegate.swift */ = {isa = PBXFileReference; lastKnownFileType = sourcecode.swift; path = AppDelegate.swift; sourceTree = "<group>"; };
		6D5FCDF12633C23C00A74763 /* SceneDelegate.swift */ = {isa = PBXFileReference; lastKnownFileType = sourcecode.swift; path = SceneDelegate.swift; sourceTree = "<group>"; };
		6D5FCDF32633C23C00A74763 /* ViewController.swift */ = {isa = PBXFileReference; lastKnownFileType = sourcecode.swift; path = ViewController.swift; sourceTree = "<group>"; };
		6D5FCDF62633C23C00A74763 /* Base */ = {isa = PBXFileReference; lastKnownFileType = file.storyboard; name = Base; path = Base.lproj/Main.storyboard; sourceTree = "<group>"; };
		6D5FCDF82633C24100A74763 /* Assets.xcassets */ = {isa = PBXFileReference; lastKnownFileType = folder.assetcatalog; path = Assets.xcassets; sourceTree = "<group>"; };
		6D5FCDFB2633C24100A74763 /* Base */ = {isa = PBXFileReference; lastKnownFileType = file.storyboard; name = Base; path = Base.lproj/LaunchScreen.storyboard; sourceTree = "<group>"; };
		6D5FCDFD2633C24100A74763 /* Info.plist */ = {isa = PBXFileReference; lastKnownFileType = text.plist.xml; path = Info.plist; sourceTree = "<group>"; };
/* End PBXFileReference section */

/* Begin PBXFrameworksBuildPhase section */
		6D5FCDE92633C23C00A74763 /* Frameworks */ = {
			isa = PBXFrameworksBuildPhase;
			buildActionMask = 2147483647;
			files = (
			);
			runOnlyForDeploymentPostprocessing = 0;
		};
/* End PBXFrameworksBuildPhase section */

/* Begin PBXGroup section */
		6D5FCDE32633C23C00A74763 = {
			isa = PBXGroup;
			children = (
				6D5FCDEE2633C23C00A74763 /* SLgame */,
				6D5FCDED2633C23C00A74763 /* Products */,
			);
			sourceTree = "<group>";
		};
		6D5FCDED2633C23C00A74763 /* Products */ = {
			isa = PBXGroup;
			children = (
				6D5FCDEC2633C23C00A74763 /* SLgame.app */,
			);
			name = Products;
			sourceTree = "<group>";
		};
		6D5FCDEE2633C23C00A74763 /* SLgame */ = {
			isa = PBXGroup;
			children = (
				6D5FCDEF2633C23C00A74763 /* AppDelegate.swift */,
				6D5FCDF12633C23C00A74763 /* SceneDelegate.swift */,
				6D5FCDF32633C23C00A74763 /* ViewController.swift */,
				6D5FCDF52633C23C00A74763 /* Main.storyboard */,
				6D4BFC5C266356F000EE7002 /* smb_1-up.wav */,
				6D5FCDF82633C24100A74763 /* Assets.xcassets */,
				6D4BFC562660923800EE7002 /* smb_stage_clear.wav */,
				6D4BFC542660922E00EE7002 /* smb_gameover.wav */,
				6D4BFC522660921F00EE7002 /* smb_bowserfalls.wav */,
				6D5FCDFA2633C24100A74763 /* LaunchScreen.storyboard */,
				6D5FCDFD2633C24100A74763 /* Info.plist */,
			);
			path = SLgame;
			sourceTree = "<group>";
		};
/* End PBXGroup section */

/* Begin PBXNativeTarget section */
		6D5FCDEB2633C23C00A74763 /* SLgame */ = {
			isa = PBXNativeTarget;
			buildConfigurationList = 6D5FCE002633C24100A74763 /* Build configuration list for PBXNativeTarget "SLgame" */;
			buildPhases = (
				6D5FCDE82633C23C00A74763 /* Sources */,
				6D5FCDE92633C23C00A74763 /* Frameworks */,
				6D5FCDEA2633C23C00A74763 /* Resources */,
			);
			buildRules = (
			);
			dependencies = (
			);
			name = SLgame;
			productName = SLgame;
			productReference = 6D5FCDEC2633C23C00A74763 /* SLgame.app */;
			productType = "com.apple.product-type.application";
		};
/* End PBXNativeTarget section */

/* Begin PBXProject section */
		6D5FCDE42633C23C00A74763 /* Project object */ = {
			isa = PBXProject;
			attributes = {
				LastSwiftUpdateCheck = 1240;
				LastUpgradeCheck = 1240;
				TargetAttributes = {
					6D5FCDEB2633C23C00A74763 = {
						CreatedOnToolsVersion = 12.4;
					};
				};
			};
			buildConfigurationList = 6D5FCDE72633C23C00A74763 /* Build configuration list for PBXProject "SLgame" */;
			compatibilityVersion = "Xcode 9.3";
			developmentRegion = en;
			hasScannedForEncodings = 0;
			knownRegions = (
				en,
				Base,
			);
			mainGroup = 6D5FCDE32633C23C00A74763;
			productRefGroup = 6D5FCDED2633C23C00A74763 /* Products */;
			projectDirPath = "";
			projectRoot = "";
			targets = (
				6D5FCDEB2633C23C00A74763 /* SLgame */,
			);
		};
/* End PBXProject section */

/* Begin PBXResourcesBuildPhase section */
		6D5FCDEA2633C23C00A74763 /* Resources */ = {
			isa = PBXResourcesBuildPhase;
			buildActionMask = 2147483647;
			files = (
				6D4BFC532660922000EE7002 /* smb_bowserfalls.wav in Resources */,
				6D5FCDFC2633C24100A74763 /* LaunchScreen.storyboard in Resources */,
				6D5FCDF92633C24100A74763 /* Assets.xcassets in Resources */,
				6D4BFC5D266356F000EE7002 /* smb_1-up.wav in Resources */,
				6D4BFC572660923800EE7002 /* smb_stage_clear.wav in Resources */,
				6D5FCDF72633C23C00A74763 /* Main.storyboard in Resources */,
				6D4BFC552660922E00EE7002 /* smb_gameover.wav in Resources */,
			);
			runOnlyForDeploymentPostprocessing = 0;
		};
/* End PBXResourcesBuildPhase section */

/* Begin PBXSourcesBuildPhase section */
		6D5FCDE82633C23C00A74763 /* Sources */ = {
			isa = PBXSourcesBuildPhase;
			buildActionMask = 2147483647;
			files = (
				6D5FCDF42633C23C00A74763 /* ViewController.swift in Sources */,
				6D5FCDF02633C23C00A74763 /* AppDelegate.swift in Sources */,
				6D5FCDF22633C23C00A74763 /* SceneDelegate.swift in Sources */,
			);
			runOnlyForDeploymentPostprocessing = 0;
		};
/* End PBXSourcesBuildPhase section */

/* Begin PBXVariantGroup section */
		6D5FCDF52633C23C00A74763 /* Main.storyboard */ = {
			isa = PBXVariantGroup;
			children = (
				6D5FCDF62633C23C00A74763 /* Base */,
			);
			name = Main.storyboard;
			sourceTree = "<group>";
		};
		6D5FCDFA2633C24100A74763 /* LaunchScreen.storyboard */ = {
			isa = PBXVariantGroup;
			children = (
				6D5FCDFB2633C24100A74763 /* Base */,
			);
			name = LaunchScreen.storyboard;
			sourceTree = "<group>";
		};
/* End PBXVariantGroup section */

/* Begin XCBuildConfiguration section */
		6D5FCDFE2633C24100A74763 /* Debug */ = {
			isa = XCBuildConfiguration;
			buildSettings = {
				ALWAYS_SEARCH_USER_PATHS = NO;
				CLANG_ANALYZER_NONNULL = YES;
				CLANG_ANALYZER_NUMBER_OBJECT_CONVERSION = YES_AGGRESSIVE;
				CLANG_CXX_LANGUAGE_STANDARD = "gnu++14";
				CLANG_CXX_LIBRARY = "libc++";
				CLANG_ENABLE_MODULES = YES;
				CLANG_ENABLE_OBJC_ARC = YES;
				CLANG_ENABLE_OBJC_WEAK = YES;
				CLANG_WARN_BLOCK_CAPTURE_AUTORELEASING = YES;
				CLANG_WARN_BOOL_CONVERSION = YES;
				CLANG_WARN_COMMA = YES;
				CLANG_WARN_CONSTANT_CONVERSION = YES;
				CLANG_WARN_DEPRECATED_OBJC_IMPLEMENTATIONS = YES;
				CLANG_WARN_DIRECT_OBJC_ISA_USAGE = YES_ERROR;
				CLANG_WARN_DOCUMENTATION_COMMENTS = YES;
				CLANG_WARN_EMPTY_BODY = YES;
				CLANG_WARN_ENUM_CONVERSION = YES;
				CLANG_WARN_INFINITE_RECURSION = YES;
				CLANG_WARN_INT_CONVERSION = YES;
				CLANG_WARN_NON_LITERAL_NULL_CONVERSION = YES;
				CLANG_WARN_OBJC_IMPLICIT_RETAIN_SELF = YES;
				CLANG_WARN_OBJC_LITERAL_CONVERSION = YES;
				CLANG_WARN_OBJC_ROOT_CLASS = YES_ERROR;
				CLANG_WARN_QUOTED_INCLUDE_IN_FRAMEWORK_HEADER = YES;
				CLANG_WARN_RANGE_LOOP_ANALYSIS = YES;
				CLANG_WARN_STRICT_PROTOTYPES = YES;
				CLANG_WARN_SUSPICIOUS_MOVE = YES;
				CLANG_WARN_UNGUARDED_AVAILABILITY = YES_AGGRESSIVE;
				CLANG_WARN_UNREACHABLE_CODE = YES;
				CLANG_WARN__DUPLICATE_METHOD_MATCH = YES;
				COPY_PHASE_STRIP = NO;
				DEBUG_INFORMATION_FORMAT = dwarf;
				ENABLE_STRICT_OBJC_MSGSEND = YES;
				ENABLE_TESTABILITY = YES;
				GCC_C_LANGUAGE_STANDARD = gnu11;
				GCC_DYNAMIC_NO_PIC = NO;
				GCC_NO_COMMON_BLOCKS = YES;
				GCC_OPTIMIZATION_LEVEL = 0;
				GCC_PREPROCESSOR_DEFINITIONS = (
					"DEBUG=1",
					"$(inherited)",
				);
				GCC_WARN_64_TO_32_BIT_CONVERSION = YES;
				GCC_WARN_ABOUT_RETURN_TYPE = YES_ERROR;
				GCC_WARN_UNDECLARED_SELECTOR = YES;
				GCC_WARN_UNINITIALIZED_AUTOS = YES_AGGRESSIVE;
				GCC_WARN_UNUSED_FUNCTION = YES;
				GCC_WARN_UNUSED_VARIABLE = YES;
				IPHONEOS_DEPLOYMENT_TARGET = 14.4;
				MTL_ENABLE_DEBUG_INFO = INCLUDE_SOURCE;
				MTL_FAST_MATH = YES;
				ONLY_ACTIVE_ARCH = YES;
				SDKROOT = iphoneos;
				SWIFT_ACTIVE_COMPILATION_CONDITIONS = DEBUG;
				SWIFT_OPTIMIZATION_LEVEL = "-Onone";
			};
			name = Debug;
		};
		6D5FCDFF2633C24100A74763 /* Release */ = {
			isa = XCBuildConfiguration;
			buildSettings = {
				ALWAYS_SEARCH_USER_PATHS = NO;
				CLANG_ANALYZER_NONNULL = YES;
				CLANG_ANALYZER_NUMBER_OBJECT_CONVERSION = YES_AGGRESSIVE;
				CLANG_CXX_LANGUAGE_STANDARD = "gnu++14";
				CLANG_CXX_LIBRARY = "libc++";
				CLANG_ENABLE_MODULES = YES;
				CLANG_ENABLE_OBJC_ARC = YES;
				CLANG_ENABLE_OBJC_WEAK = YES;
				CLANG_WARN_BLOCK_CAPTURE_AUTORELEASING = YES;
				CLANG_WARN_BOOL_CONVERSION = YES;
				CLANG_WARN_COMMA = YES;
				CLANG_WARN_CONSTANT_CONVERSION = YES;
				CLANG_WARN_DEPRECATED_OBJC_IMPLEMENTATIONS = YES;
				CLANG_WARN_DIRECT_OBJC_ISA_USAGE = YES_ERROR;
				CLANG_WARN_DOCUMENTATION_COMMENTS = YES;
				CLANG_WARN_EMPTY_BODY = YES;
				CLANG_WARN_ENUM_CONVERSION = YES;
				CLANG_WARN_INFINITE_RECURSION = YES;
				CLANG_WARN_INT_CONVERSION = YES;
				CLANG_WARN_NON_LITERAL_NULL_CONVERSION = YES;
				CLANG_WARN_OBJC_IMPLICIT_RETAIN_SELF = YES;
				CLANG_WARN_OBJC_LITERAL_CONVERSION = YES;
				CLANG_WARN_OBJC_ROOT_CLASS = YES_ERROR;
				CLANG_WARN_QUOTED_INCLUDE_IN_FRAMEWORK_HEADER = YES;
				CLANG_WARN_RANGE_LOOP_ANALYSIS = YES;
				CLANG_WARN_STRICT_PROTOTYPES = YES;
				CLANG_WARN_SUSPICIOUS_MOVE = YES;
				CLANG_WARN_UNGUARDED_AVAILABILITY = YES_AGGRESSIVE;
				CLANG_WARN_UNREACHABLE_CODE = YES;
				CLANG_WARN__DUPLICATE_METHOD_MATCH = YES;
				COPY_PHASE_STRIP = NO;
				DEBUG_INFORMATION_FORMAT = "dwarf-with-dsym";
				ENABLE_NS_ASSERTIONS = NO;
				ENABLE_STRICT_OBJC_MSGSEND = YES;
				GCC_C_LANGUAGE_STANDARD = gnu11;
				GCC_NO_COMMON_BLOCKS = YES;
				GCC_WARN_64_TO_32_BIT_CONVERSION = YES;
				GCC_WARN_ABOUT_RETURN_TYPE = YES_ERROR;
				GCC_WARN_UNDECLARED_SELECTOR = YES;
				GCC_WARN_UNINITIALIZED_AUTOS = YES_AGGRESSIVE;
				GCC_WARN_UNUSED_FUNCTION = YES;
				GCC_WARN_UNUSED_VARIABLE = YES;
				IPHONEOS_DEPLOYMENT_TARGET = 14.4;
				MTL_ENABLE_DEBUG_INFO = NO;
				MTL_FAST_MATH = YES;
				SDKROOT = iphoneos;
				SWIFT_COMPILATION_MODE = wholemodule;
				SWIFT_OPTIMIZATION_LEVEL = "-O";
				VALIDATE_PRODUCT = YES;
			};
			name = Release;
		};
		6D5FCE012633C24100A74763 /* Debug */ = {
			isa = XCBuildConfiguration;
			buildSettings = {
				ASSETCATALOG_COMPILER_APPICON_NAME = AppIcon;
				ASSETCATALOG_COMPILER_GLOBAL_ACCENT_COLOR_NAME = AccentColor;
				CODE_SIGN_STYLE = Automatic;
				INFOPLIST_FILE = SLgame/Info.plist;
				LD_RUNPATH_SEARCH_PATHS = (
					"$(inherited)",
					"@executable_path/Frameworks",
				);
				PRODUCT_BUNDLE_IDENTIFIER = com.alishatsai.SLgame;
				PRODUCT_NAME = "$(TARGET_NAME)";
				SWIFT_VERSION = 5.0;
				TARGETED_DEVICE_FAMILY = "1,2";
			};
			name = Debug;
		};
		6D5FCE022633C24100A74763 /* Release */ = {
			isa = XCBuildConfiguration;
			buildSettings = {
				ASSETCATALOG_COMPILER_APPICON_NAME = AppIcon;
				ASSETCATALOG_COMPILER_GLOBAL_ACCENT_COLOR_NAME = AccentColor;
				CODE_SIGN_STYLE = Automatic;
				INFOPLIST_FILE = SLgame/Info.plist;
				LD_RUNPATH_SEARCH_PATHS = (
					"$(inherited)",
					"@executable_path/Frameworks",
				);
				PRODUCT_BUNDLE_IDENTIFIER = com.alishatsai.SLgame;
				PRODUCT_NAME = "$(TARGET_NAME)";
				SWIFT_VERSION = 5.0;
				TARGETED_DEVICE_FAMILY = "1,2";
			};
			name = Release;
		};
/* End XCBuildConfiguration section */

/* Begin XCConfigurationList section */
		6D5FCDE72633C23C00A74763 /* Build configuration list for PBXProject "SLgame" */ = {
			isa = XCConfigurationList;
			buildConfigurations = (
				6D5FCDFE2633C24100A74763 /* Debug */,
				6D5FCDFF2633C24100A74763 /* Release */,
			);
			defaultConfigurationIsVisible = 0;
			defaultConfigurationName = Release;
		};
		6D5FCE002633C24100A74763 /* Build configuration list for PBXNativeTarget "SLgame" */ = {
			isa = XCConfigurationList;
			buildConfigurations = (
				6D5FCE012633C24100A74763 /* Debug */,
				6D5FCE022633C24100A74763 /* Release */,
			);
			defaultConfigurationIsVisible = 0;
			defaultConfigurationName = Release;
		};
/* End XCConfigurationList section */
	};
	rootObject = 6D5FCDE42633C23C00A74763 /* Project object */;
}
